
Microsoft Visual Studio Solution File, Format Version 12.00
# Visual Studio Version 17
VisualStudioVersion = 17.5.33516.290
MinimumVisualStudioVersion = 10.0.40219.1
Project("{FAE04EC0-301F-11D3-BF4B-00C04F79EFBC}") = "test", "test\test.csproj", "{35B92156-A526-4D75-A43D-CD382ED9DF71}"
EndProject
Global
	GlobalSection(SolutionConfigurationPlatforms) = preSolution
		Debug|Any CPU = Debug|Any CPU
		Release|Any CPU = Release|Any CPU
	EndGlobalSection
	GlobalSection(ProjectConfigurationPlatforms) = postSolution
		{35B92156-A526-4D75-A43D-CD382ED9DF71}.Debug|Any CPU.ActiveCfg = Debug|Any CPU
		{35B92156-A526-4D75-A43D-CD382ED9DF71}.Debug|Any CPU.Build.0 = Debug|Any CPU
		{35B92156-A526-4D75-A43D-CD382ED9DF71}.Release|Any CPU.ActiveCfg = Release|Any CPU
		{35B92156-A526-4D75-A43D-CD382ED9DF71}.Release|Any CPU.Build.0 = Release|Any CPU
	EndGlobalSection
	GlobalSection(SolutionProperties) = preSolution
		HideSolutionNode = FALSE
	EndGlobalSection
	GlobalSection(ExtensibilityGlobals) = postSolution
		SolutionGuid = {D1259C30-272E-4960-995E-11C12BC24806}
	EndGlobalSection
EndGlobal
