
Microsoft Visual Studio Solution File, Format Version 12.00
# Visual Studio Version 17
VisualStudioVersion = 17.5.33516.290
MinimumVisualStudioVersion = 10.0.40219.1
Project("{FAE04EC0-301F-11D3-BF4B-00C04F79EFBC}") = "exam", "exam\exam.csproj", "{A2640494-C6AB-4965-90F1-D30592588BC3}"
EndProject
Global
	GlobalSection(SolutionConfigurationPlatforms) = preSolution
		Debug|Any CPU = Debug|Any CPU
		Release|Any CPU = Release|Any CPU
	EndGlobalSection
	GlobalSection(ProjectConfigurationPlatforms) = postSolution
		{A2640494-C6AB-4965-90F1-D30592588BC3}.Debug|Any CPU.ActiveCfg = Debug|Any CPU
		{A2640494-C6AB-4965-90F1-D30592588BC3}.Debug|Any CPU.Build.0 = Debug|Any CPU
		{A2640494-C6AB-4965-90F1-D30592588BC3}.Release|Any CPU.ActiveCfg = Release|Any CPU
		{A2640494-C6AB-4965-90F1-D30592588BC3}.Release|Any CPU.Build.0 = Release|Any CPU
	EndGlobalSection
	GlobalSection(SolutionProperties) = preSolution
		HideSolutionNode = FALSE
	EndGlobalSection
	GlobalSection(ExtensibilityGlobals) = postSolution
		SolutionGuid = {8AACF782-8337-422D-B740-C01D36B24D65}
	EndGlobalSection
EndGlobal
