
Microsoft Visual Studio Solution File, Format Version 12.00
# Visual Studio Version 17
VisualStudioVersion = 17.5.33516.290
MinimumVisualStudioVersion = 10.0.40219.1
Project("{FAE04EC0-301F-11D3-BF4B-00C04F79EFBC}") = "Comstruct", "Comstruct\Comstruct.csproj", "{C2A0286F-89FD-4274-B91E-E72D3AD7A8C8}"
EndProject
Global
	GlobalSection(SolutionConfigurationPlatforms) = preSolution
		Debug|Any CPU = Debug|Any CPU
		Release|Any CPU = Release|Any CPU
	EndGlobalSection
	GlobalSection(ProjectConfigurationPlatforms) = postSolution
		{C2A0286F-89FD-4274-B91E-E72D3AD7A8C8}.Debug|Any CPU.ActiveCfg = Debug|Any CPU
		{C2A0286F-89FD-4274-B91E-E72D3AD7A8C8}.Debug|Any CPU.Build.0 = Debug|Any CPU
		{C2A0286F-89FD-4274-B91E-E72D3AD7A8C8}.Release|Any CPU.ActiveCfg = Release|Any CPU
		{C2A0286F-89FD-4274-B91E-E72D3AD7A8C8}.Release|Any CPU.Build.0 = Release|Any CPU
	EndGlobalSection
	GlobalSection(SolutionProperties) = preSolution
		HideSolutionNode = FALSE
	EndGlobalSection
	GlobalSection(ExtensibilityGlobals) = postSolution
		SolutionGuid = {8259ACAA-F363-439C-80E2-9ECB6188C87B}
	EndGlobalSection
EndGlobal
