
Microsoft Visual Studio Solution File, Format Version 12.00
# Visual Studio Version 17
VisualStudioVersion = 17.5.33516.290
MinimumVisualStudioVersion = 10.0.40219.1
Project("{FAE04EC0-301F-11D3-BF4B-00C04F79EFBC}") = "intro", "intro\intro.csproj", "{B544D8CE-A05A-431D-837D-A27FDE452BF8}"
EndProject
Global
	GlobalSection(SolutionConfigurationPlatforms) = preSolution
		Debug|Any CPU = Debug|Any CPU
		Release|Any CPU = Release|Any CPU
	EndGlobalSection
	GlobalSection(ProjectConfigurationPlatforms) = postSolution
		{B544D8CE-A05A-431D-837D-A27FDE452BF8}.Debug|Any CPU.ActiveCfg = Debug|Any CPU
		{B544D8CE-A05A-431D-837D-A27FDE452BF8}.Debug|Any CPU.Build.0 = Debug|Any CPU
		{B544D8CE-A05A-431D-837D-A27FDE452BF8}.Release|Any CPU.ActiveCfg = Release|Any CPU
		{B544D8CE-A05A-431D-837D-A27FDE452BF8}.Release|Any CPU.Build.0 = Release|Any CPU
	EndGlobalSection
	GlobalSection(SolutionProperties) = preSolution
		HideSolutionNode = FALSE
	EndGlobalSection
	GlobalSection(ExtensibilityGlobals) = postSolution
		SolutionGuid = {CFFD0F4B-05EA-4D13-8CD5-A977AB9D42A7}
	EndGlobalSection
EndGlobal
