
Microsoft Visual Studio Solution File, Format Version 12.00
# Visual Studio Version 17
VisualStudioVersion = 17.5.33516.290
MinimumVisualStudioVersion = 10.0.40219.1
Project("{FAE04EC0-301F-11D3-BF4B-00C04F79EFBC}") = "Interface", "Interface\Interface.csproj", "{1D815FE4-352A-4CB6-8DE9-ECDF97ABED7C}"
EndProject
Global
	GlobalSection(SolutionConfigurationPlatforms) = preSolution
		Debug|Any CPU = Debug|Any CPU
		Release|Any CPU = Release|Any CPU
	EndGlobalSection
	GlobalSection(ProjectConfigurationPlatforms) = postSolution
		{1D815FE4-352A-4CB6-8DE9-ECDF97ABED7C}.Debug|Any CPU.ActiveCfg = Debug|Any CPU
		{1D815FE4-352A-4CB6-8DE9-ECDF97ABED7C}.Debug|Any CPU.Build.0 = Debug|Any CPU
		{1D815FE4-352A-4CB6-8DE9-ECDF97ABED7C}.Release|Any CPU.ActiveCfg = Release|Any CPU
		{1D815FE4-352A-4CB6-8DE9-ECDF97ABED7C}.Release|Any CPU.Build.0 = Release|Any CPU
	EndGlobalSection
	GlobalSection(SolutionProperties) = preSolution
		HideSolutionNode = FALSE
	EndGlobalSection
	GlobalSection(ExtensibilityGlobals) = postSolution
		SolutionGuid = {954567F9-D11F-43DB-878B-A1B699002DD0}
	EndGlobalSection
EndGlobal
