
Microsoft Visual Studio Solution File, Format Version 12.00
# Visual Studio Version 17
VisualStudioVersion = 17.5.33516.290
MinimumVisualStudioVersion = 10.0.40219.1
Project("{FAE04EC0-301F-11D3-BF4B-00C04F79EFBC}") = "jump", "jump\jump.csproj", "{4BAC8724-9B08-4C00-926A-F381A4CE9569}"
EndProject
Global
	GlobalSection(SolutionConfigurationPlatforms) = preSolution
		Debug|Any CPU = Debug|Any CPU
		Release|Any CPU = Release|Any CPU
	EndGlobalSection
	GlobalSection(ProjectConfigurationPlatforms) = postSolution
		{4BAC8724-9B08-4C00-926A-F381A4CE9569}.Debug|Any CPU.ActiveCfg = Debug|Any CPU
		{4BAC8724-9B08-4C00-926A-F381A4CE9569}.Debug|Any CPU.Build.0 = Debug|Any CPU
		{4BAC8724-9B08-4C00-926A-F381A4CE9569}.Release|Any CPU.ActiveCfg = Release|Any CPU
		{4BAC8724-9B08-4C00-926A-F381A4CE9569}.Release|Any CPU.Build.0 = Release|Any CPU
	EndGlobalSection
	GlobalSection(SolutionProperties) = preSolution
		HideSolutionNode = FALSE
	EndGlobalSection
	GlobalSection(ExtensibilityGlobals) = postSolution
		SolutionGuid = {4C8D4110-8F11-4537-9272-EBA304471B5B}
	EndGlobalSection
EndGlobal
